
Microsoft Visual Studio Solution File, Format Version 12.00
# Visual Studio Version 16
VisualStudioVersion = 16.0.31112.23
MinimumVisualStudioVersion = 10.0.40219.1
Project("{9A19103F-16F7-4668-BE54-9A1E7A4F7556}") = "ApiProject", "ApiProject\ApiProject.csproj", "{0B07C838-B0DD-47DB-96C0-4138FAA2EB09}"
EndProject
Project("{9A19103F-16F7-4668-BE54-9A1E7A4F7556}") = "Contracts", "Contracts\Contracts.csproj", "{50B07BFF-5312-4401-B919-5B686A5C94E1}"
EndProject
Project("{9A19103F-16F7-4668-BE54-9A1E7A4F7556}") = "Repository", "Repository\Repository.csproj", "{DD635BB5-14D2-4252-8C26-B6CC473E40A7}"
EndProject
Project("{9A19103F-16F7-4668-BE54-9A1E7A4F7556}") = "Entities", "Entities\Entities.csproj", "{9C1CF547-0C41-4EAC-9293-DA4F92699846}"
EndProject
Global
	GlobalSection(SolutionConfigurationPlatforms) = preSolution
		Debug|Any CPU = Debug|Any CPU
		Release|Any CPU = Release|Any CPU
	EndGlobalSection
	GlobalSection(ProjectConfigurationPlatforms) = postSolution
		{0B07C838-B0DD-47DB-96C0-4138FAA2EB09}.Debug|Any CPU.ActiveCfg = Debug|Any CPU
		{0B07C838-B0DD-47DB-96C0-4138FAA2EB09}.Debug|Any CPU.Build.0 = Debug|Any CPU
		{0B07C838-B0DD-47DB-96C0-4138FAA2EB09}.Release|Any CPU.ActiveCfg = Release|Any CPU
		{0B07C838-B0DD-47DB-96C0-4138FAA2EB09}.Release|Any CPU.Build.0 = Release|Any CPU
		{50B07BFF-5312-4401-B919-5B686A5C94E1}.Debug|Any CPU.ActiveCfg = Debug|Any CPU
		{50B07BFF-5312-4401-B919-5B686A5C94E1}.Debug|Any CPU.Build.0 = Debug|Any CPU
		{50B07BFF-5312-4401-B919-5B686A5C94E1}.Release|Any CPU.ActiveCfg = Release|Any CPU
		{50B07BFF-5312-4401-B919-5B686A5C94E1}.Release|Any CPU.Build.0 = Release|Any CPU
		{DD635BB5-14D2-4252-8C26-B6CC473E40A7}.Debug|Any CPU.ActiveCfg = Debug|Any CPU
		{DD635BB5-14D2-4252-8C26-B6CC473E40A7}.Debug|Any CPU.Build.0 = Debug|Any CPU
		{DD635BB5-14D2-4252-8C26-B6CC473E40A7}.Release|Any CPU.ActiveCfg = Release|Any CPU
		{DD635BB5-14D2-4252-8C26-B6CC473E40A7}.Release|Any CPU.Build.0 = Release|Any CPU
		{9C1CF547-0C41-4EAC-9293-DA4F92699846}.Debug|Any CPU.ActiveCfg = Debug|Any CPU
		{9C1CF547-0C41-4EAC-9293-DA4F92699846}.Debug|Any CPU.Build.0 = Debug|Any CPU
		{9C1CF547-0C41-4EAC-9293-DA4F92699846}.Release|Any CPU.ActiveCfg = Release|Any CPU
		{9C1CF547-0C41-4EAC-9293-DA4F92699846}.Release|Any CPU.Build.0 = Release|Any CPU
	EndGlobalSection
	GlobalSection(SolutionProperties) = preSolution
		HideSolutionNode = FALSE
	EndGlobalSection
	GlobalSection(ExtensibilityGlobals) = postSolution
		SolutionGuid = {A2332EBC-1BDB-4E19-8690-3F3B2102242A}
	EndGlobalSection
EndGlobal
